
Microsoft Visual Studio Solution File, Format Version 12.00
# Visual Studio Version 16
VisualStudioVersion = 16.0.31515.178
MinimumVisualStudioVersion = 10.0.40219.1
Project("{2150E333-8FDC-42A3-9474-1A3956D46DE8}") = "ShopManagement", "ShopManagement", "{B09F91AF-A073-4676-8A65-84C05CE0DD10}"
EndProject
Project("{2150E333-8FDC-42A3-9474-1A3956D46DE8}") = "SM.Domain", "SM.Domain", "{B223BD29-C737-4AFB-9401-6F315056C881}"
EndProject
Project("{9A19103F-16F7-4668-BE54-9A1E7A4F7556}") = "ShopManagement.Domain", "ShopManagement.Domain\ShopManagement.Domain.csproj", "{A356DBE3-4AD1-46BE-A273-B4E21D9A6B36}"
EndProject
Project("{9A19103F-16F7-4668-BE54-9A1E7A4F7556}") = "01_Framework", "01_Framework\01_Framework.csproj", "{F778D2EB-81C0-45D1-9199-D488FBB4BF83}"
EndProject
Project("{2150E333-8FDC-42A3-9474-1A3956D46DE8}") = "SM.Application", "SM.Application", "{0D440C47-9180-4309-9EFD-827D8A4EF3B9}"
EndProject
Project("{9A19103F-16F7-4668-BE54-9A1E7A4F7556}") = "ShopManagement.Application", "ShopManagement.Application\ShopManagement.Application.csproj", "{4C0834DB-194E-488A-A28E-FD43BA3CF1C7}"
EndProject
Project("{9A19103F-16F7-4668-BE54-9A1E7A4F7556}") = "ShopManagement.Application.Contracts", "ShopManagement.Application.Contracts\ShopManagement.Application.Contracts.csproj", "{6C859889-C04A-4A72-88FA-02DCBA0E9F04}"
EndProject
Project("{2150E333-8FDC-42A3-9474-1A3956D46DE8}") = "SM.Infrastructure", "SM.Infrastructure", "{BB57EAF8-9D8C-4C17-A662-7CC68EF12EE6}"
EndProject
Project("{9A19103F-16F7-4668-BE54-9A1E7A4F7556}") = "ShopManagement.Infrastructure.EFCore", "ShopManagement.Infrastructure.EFCore\ShopManagement.Infrastructure.EFCore.csproj", "{6CEB0DDB-E8ED-45BB-B061-E29B090C02C9}"
EndProject
Project("{9A19103F-16F7-4668-BE54-9A1E7A4F7556}") = "ShopManagement.Configuration", "ShopManagement.Configuration\ShopManagement.Configuration.csproj", "{C916B0CA-715B-4FEE-8391-07C80F3700FE}"
EndProject
Project("{9A19103F-16F7-4668-BE54-9A1E7A4F7556}") = "ServiceHost", "ServiceHost\ServiceHost.csproj", "{DC80BF15-681F-4497-8628-1234F2F8F449}"
EndProject
Project("{9A19103F-16F7-4668-BE54-9A1E7A4F7556}") = "01_BooklandQuery", "01_BooklandQuery\01_BooklandQuery.csproj", "{CF12DCF3-0894-4356-BB5F-A2A3626F3A79}"
EndProject
Project("{2150E333-8FDC-42A3-9474-1A3956D46DE8}") = "DiscountManagement", "DiscountManagement", "{4121EDD2-3CE6-4387-A531-661B21E9D27C}"
EndProject
Project("{2150E333-8FDC-42A3-9474-1A3956D46DE8}") = "DM.Domain", "DM.Domain", "{BA42AC29-B69B-45BD-B2B6-241CB11F8030}"
EndProject
Project("{9A19103F-16F7-4668-BE54-9A1E7A4F7556}") = "DiscountManagement.Domain", "DiscountManagement.Domain\DiscountManagement.Domain.csproj", "{2CB78F5E-0D70-4360-9DFE-1ED3A40E90B9}"
EndProject
Project("{2150E333-8FDC-42A3-9474-1A3956D46DE8}") = "DM.Application", "DM.Application", "{DFA8344E-EAED-4A78-BFD7-553D9173A1CC}"
EndProject
Project("{9A19103F-16F7-4668-BE54-9A1E7A4F7556}") = "DiscountManagement.Application.Contract", "DiscountManagement.Application.Contract\DiscountManagement.Application.Contract.csproj", "{13876F8A-CE57-4FC7-948E-451D61A211F9}"
EndProject
Project("{9A19103F-16F7-4668-BE54-9A1E7A4F7556}") = "DiscountManagement.Application", "DiscountManagement.Application\DiscountManagement.Application.csproj", "{D621CD28-6951-40C0-9FA7-82A3BE59C82F}"
EndProject
Project("{2150E333-8FDC-42A3-9474-1A3956D46DE8}") = "DM.Infrastructure", "DM.Infrastructure", "{E4D8C735-E0D7-4C89-BFF0-4649161461C1}"
EndProject
Project("{9A19103F-16F7-4668-BE54-9A1E7A4F7556}") = "DiscountManagement.Infrastructure.EFCore", "DiscountManagement.Infrastructure.EFCore\DiscountManagement.Infrastructure.EFCore.csproj", "{D6E1B3AB-294C-4A0D-AD12-4E8E9F945909}"
EndProject
Project("{9A19103F-16F7-4668-BE54-9A1E7A4F7556}") = "DiscountManagement.Configuration", "DiscountManagement.Configuration\DiscountManagement.Configuration.csproj", "{7DFFBDE6-CF8A-41E8-96FF-1E7CBBCD38CB}"
EndProject
Project("{2150E333-8FDC-42A3-9474-1A3956D46DE8}") = "InventoryManagement", "InventoryManagement", "{0DEA1A14-142A-4301-A7CD-76239E8094F5}"
EndProject
Project("{2150E333-8FDC-42A3-9474-1A3956D46DE8}") = "IM.Domain", "IM.Domain", "{30622196-12F8-41BC-8E02-A7B610CBD9E1}"
EndProject
Project("{9A19103F-16F7-4668-BE54-9A1E7A4F7556}") = "InventoryManagement.Domain", "InventoryManagement.Domain\InventoryManagement.Domain.csproj", "{5A36C09C-53DE-4473-B695-462B6DF35076}"
EndProject
Project("{2150E333-8FDC-42A3-9474-1A3956D46DE8}") = "IM.Application", "IM.Application", "{0BB772E6-36BD-4EE8-97D8-1209C5B2EDA3}"
EndProject
Project("{9A19103F-16F7-4668-BE54-9A1E7A4F7556}") = "InventoryManagement.Application.Contracts", "InventoryManagement.Application.Contracts\InventoryManagement.Application.Contracts.csproj", "{7DDD4B0D-7596-4871-8C23-C797378D0E04}"
EndProject
Project("{9A19103F-16F7-4668-BE54-9A1E7A4F7556}") = "InventoryManagement.Application", "InventoryManagement.Application\InventoryManagement.Application.csproj", "{751525AB-63CD-4338-903E-4D9184C18590}"
EndProject
Project("{2150E333-8FDC-42A3-9474-1A3956D46DE8}") = "IM.Infrastructure", "IM.Infrastructure", "{B5DB5A44-D380-411D-ADC7-F9AF6FE3E39C}"
EndProject
Project("{9A19103F-16F7-4668-BE54-9A1E7A4F7556}") = "InventoryManagement.Infrastructure.EFCore", "InventoryManagement.Infrastructure.EFCore\InventoryManagement.Infrastructure.EFCore.csproj", "{8B015C9A-BD07-4F12-81A0-771D976E2AF8}"
EndProject
Project("{9A19103F-16F7-4668-BE54-9A1E7A4F7556}") = "InventoryManagement.Infrastructure.Configuration", "InventoryManagement.Infrastructure.Configuration\InventoryManagement.Infrastructure.Configuration.csproj", "{A114926D-41EC-411D-B3CC-D8FE7CAB4289}"
EndProject
Project("{2150E333-8FDC-42A3-9474-1A3956D46DE8}") = "CommentManagement", "CommentManagement", "{FD75FD4B-F402-4BDA-96CE-4BAF8EC8DC02}"
EndProject
Project("{2150E333-8FDC-42A3-9474-1A3956D46DE8}") = "CM.Domain", "CM.Domain", "{0C94FA74-262E-4F87-A636-6FE4C691E8E3}"
EndProject
Project("{9A19103F-16F7-4668-BE54-9A1E7A4F7556}") = "CommentManagement.Domain", "CommentManagement.Domain\CommentManagement.Domain.csproj", "{7E93C907-0B7D-4BA2-9441-F2E8651BE174}"
EndProject
Project("{2150E333-8FDC-42A3-9474-1A3956D46DE8}") = "CM.Application", "CM.Application", "{CB147CB9-E19E-40B0-8243-D2B0A1E89CDD}"
EndProject
Project("{9A19103F-16F7-4668-BE54-9A1E7A4F7556}") = "CommentManagement.Application.Contracts", "CommentManagement.Application.Contracts\CommentManagement.Application.Contracts.csproj", "{EB5F5670-D23F-45F3-AD24-74FA11C20221}"
EndProject
Project("{9A19103F-16F7-4668-BE54-9A1E7A4F7556}") = "CommentManagement.Application", "CommentManagement.Application\CommentManagement.Application.csproj", "{FA81D0E5-4952-4225-BE3D-E822DAADEACE}"
EndProject
Project("{2150E333-8FDC-42A3-9474-1A3956D46DE8}") = "CM.Infrastructure", "CM.Infrastructure", "{B4A8B85D-8274-4B12-B71D-1DD8E7B9B697}"
EndProject
Project("{9A19103F-16F7-4668-BE54-9A1E7A4F7556}") = "CommentManagement.Infrastructure.EFCore", "CommentManagement.Infrastructure.EFCore\CommentManagement.Infrastructure.EFCore.csproj", "{77BE0239-075D-4FB8-88B0-5D8C52FD71C3}"
EndProject
Project("{9A19103F-16F7-4668-BE54-9A1E7A4F7556}") = "CommentManagement.Infrastructure.Configuration", "CommentManagement.Infrastructure.Configuration\CommentManagement.Infrastructure.Configuration.csproj", "{35E0FBE7-A81A-485B-8F54-51EF3EFDA39C}"
EndProject
Project("{2150E333-8FDC-42A3-9474-1A3956D46DE8}") = "BlogManagement", "BlogManagement", "{3DF7D374-5A41-40C1-A31B-4487DA40ADD5}"
EndProject
Project("{2150E333-8FDC-42A3-9474-1A3956D46DE8}") = "BM.Domain", "BM.Domain", "{300EC95D-D692-41C1-ABD3-EEC5BA2BFDBA}"
EndProject
Project("{9A19103F-16F7-4668-BE54-9A1E7A4F7556}") = "BlogManagement.Domain", "BlogManagement.Domain\BlogManagement.Domain.csproj", "{190EE5E1-5212-4BFF-A862-64C80CAD7941}"
EndProject
Project("{2150E333-8FDC-42A3-9474-1A3956D46DE8}") = "BM.Application", "BM.Application", "{3A846389-0D05-46CC-AAFD-AA7FD87A3019}"
EndProject
Project("{9A19103F-16F7-4668-BE54-9A1E7A4F7556}") = "BlogManagement.Application.Contracts", "BlogManagement.Application.Contracts\BlogManagement.Application.Contracts.csproj", "{B61D2655-F94A-4A1F-8F19-53AEB585E06D}"
EndProject
Project("{9A19103F-16F7-4668-BE54-9A1E7A4F7556}") = "BlogManagement.Application", "BlogManagement.Application\BlogManagement.Application.csproj", "{D73AB898-9882-4689-9962-8312435F5312}"
EndProject
Project("{2150E333-8FDC-42A3-9474-1A3956D46DE8}") = "BM.Repository", "BM.Repository", "{76466874-4913-48B2-9F47-11DC2BAF4380}"
EndProject
Project("{9A19103F-16F7-4668-BE54-9A1E7A4F7556}") = "BlogManagement.Infrastructure.EFCore", "BlogManagement.Infrastructure.EFCore\BlogManagement.Infrastructure.EFCore.csproj", "{8212DDEF-7FFB-4F7F-89C3-1858BA97D9C6}"
EndProject
Project("{9A19103F-16F7-4668-BE54-9A1E7A4F7556}") = "BlogManagement.Configuration", "BlogManagement.Configuration\BlogManagement.Configuration.csproj", "{41F640DA-6781-4924-9CF3-B0234EC8E5F3}"
EndProject
Global
	GlobalSection(SolutionConfigurationPlatforms) = preSolution
		Debug|Any CPU = Debug|Any CPU
		Release|Any CPU = Release|Any CPU
	EndGlobalSection
	GlobalSection(ProjectConfigurationPlatforms) = postSolution
		{A356DBE3-4AD1-46BE-A273-B4E21D9A6B36}.Debug|Any CPU.ActiveCfg = Debug|Any CPU
		{A356DBE3-4AD1-46BE-A273-B4E21D9A6B36}.Debug|Any CPU.Build.0 = Debug|Any CPU
		{A356DBE3-4AD1-46BE-A273-B4E21D9A6B36}.Release|Any CPU.ActiveCfg = Release|Any CPU
		{A356DBE3-4AD1-46BE-A273-B4E21D9A6B36}.Release|Any CPU.Build.0 = Release|Any CPU
		{F778D2EB-81C0-45D1-9199-D488FBB4BF83}.Debug|Any CPU.ActiveCfg = Debug|Any CPU
		{F778D2EB-81C0-45D1-9199-D488FBB4BF83}.Debug|Any CPU.Build.0 = Debug|Any CPU
		{F778D2EB-81C0-45D1-9199-D488FBB4BF83}.Release|Any CPU.ActiveCfg = Release|Any CPU
		{F778D2EB-81C0-45D1-9199-D488FBB4BF83}.Release|Any CPU.Build.0 = Release|Any CPU
		{4C0834DB-194E-488A-A28E-FD43BA3CF1C7}.Debug|Any CPU.ActiveCfg = Debug|Any CPU
		{4C0834DB-194E-488A-A28E-FD43BA3CF1C7}.Debug|Any CPU.Build.0 = Debug|Any CPU
		{4C0834DB-194E-488A-A28E-FD43BA3CF1C7}.Release|Any CPU.ActiveCfg = Release|Any CPU
		{4C0834DB-194E-488A-A28E-FD43BA3CF1C7}.Release|Any CPU.Build.0 = Release|Any CPU
		{6C859889-C04A-4A72-88FA-02DCBA0E9F04}.Debug|Any CPU.ActiveCfg = Debug|Any CPU
		{6C859889-C04A-4A72-88FA-02DCBA0E9F04}.Debug|Any CPU.Build.0 = Debug|Any CPU
		{6C859889-C04A-4A72-88FA-02DCBA0E9F04}.Release|Any CPU.ActiveCfg = Release|Any CPU
		{6C859889-C04A-4A72-88FA-02DCBA0E9F04}.Release|Any CPU.Build.0 = Release|Any CPU
		{6CEB0DDB-E8ED-45BB-B061-E29B090C02C9}.Debug|Any CPU.ActiveCfg = Debug|Any CPU
		{6CEB0DDB-E8ED-45BB-B061-E29B090C02C9}.Debug|Any CPU.Build.0 = Debug|Any CPU
		{6CEB0DDB-E8ED-45BB-B061-E29B090C02C9}.Release|Any CPU.ActiveCfg = Release|Any CPU
		{6CEB0DDB-E8ED-45BB-B061-E29B090C02C9}.Release|Any CPU.Build.0 = Release|Any CPU
		{C916B0CA-715B-4FEE-8391-07C80F3700FE}.Debug|Any CPU.ActiveCfg = Debug|Any CPU
		{C916B0CA-715B-4FEE-8391-07C80F3700FE}.Debug|Any CPU.Build.0 = Debug|Any CPU
		{C916B0CA-715B-4FEE-8391-07C80F3700FE}.Release|Any CPU.ActiveCfg = Release|Any CPU
		{C916B0CA-715B-4FEE-8391-07C80F3700FE}.Release|Any CPU.Build.0 = Release|Any CPU
		{DC80BF15-681F-4497-8628-1234F2F8F449}.Debug|Any CPU.ActiveCfg = Debug|Any CPU
		{DC80BF15-681F-4497-8628-1234F2F8F449}.Debug|Any CPU.Build.0 = Debug|Any CPU
		{DC80BF15-681F-4497-8628-1234F2F8F449}.Release|Any CPU.ActiveCfg = Release|Any CPU
		{DC80BF15-681F-4497-8628-1234F2F8F449}.Release|Any CPU.Build.0 = Release|Any CPU
		{CF12DCF3-0894-4356-BB5F-A2A3626F3A79}.Debug|Any CPU.ActiveCfg = Debug|Any CPU
		{CF12DCF3-0894-4356-BB5F-A2A3626F3A79}.Debug|Any CPU.Build.0 = Debug|Any CPU
		{CF12DCF3-0894-4356-BB5F-A2A3626F3A79}.Release|Any CPU.ActiveCfg = Release|Any CPU
		{CF12DCF3-0894-4356-BB5F-A2A3626F3A79}.Release|Any CPU.Build.0 = Release|Any CPU
		{2CB78F5E-0D70-4360-9DFE-1ED3A40E90B9}.Debug|Any CPU.ActiveCfg = Debug|Any CPU
		{2CB78F5E-0D70-4360-9DFE-1ED3A40E90B9}.Debug|Any CPU.Build.0 = Debug|Any CPU
		{2CB78F5E-0D70-4360-9DFE-1ED3A40E90B9}.Release|Any CPU.ActiveCfg = Release|Any CPU
		{2CB78F5E-0D70-4360-9DFE-1ED3A40E90B9}.Release|Any CPU.Build.0 = Release|Any CPU
		{13876F8A-CE57-4FC7-948E-451D61A211F9}.Debug|Any CPU.ActiveCfg = Debug|Any CPU
		{13876F8A-CE57-4FC7-948E-451D61A211F9}.Debug|Any CPU.Build.0 = Debug|Any CPU
		{13876F8A-CE57-4FC7-948E-451D61A211F9}.Release|Any CPU.ActiveCfg = Release|Any CPU
		{13876F8A-CE57-4FC7-948E-451D61A211F9}.Release|Any CPU.Build.0 = Release|Any CPU
		{D621CD28-6951-40C0-9FA7-82A3BE59C82F}.Debug|Any CPU.ActiveCfg = Debug|Any CPU
		{D621CD28-6951-40C0-9FA7-82A3BE59C82F}.Debug|Any CPU.Build.0 = Debug|Any CPU
		{D621CD28-6951-40C0-9FA7-82A3BE59C82F}.Release|Any CPU.ActiveCfg = Release|Any CPU
		{D621CD28-6951-40C0-9FA7-82A3BE59C82F}.Release|Any CPU.Build.0 = Release|Any CPU
		{D6E1B3AB-294C-4A0D-AD12-4E8E9F945909}.Debug|Any CPU.ActiveCfg = Debug|Any CPU
		{D6E1B3AB-294C-4A0D-AD12-4E8E9F945909}.Debug|Any CPU.Build.0 = Debug|Any CPU
		{D6E1B3AB-294C-4A0D-AD12-4E8E9F945909}.Release|Any CPU.ActiveCfg = Release|Any CPU
		{D6E1B3AB-294C-4A0D-AD12-4E8E9F945909}.Release|Any CPU.Build.0 = Release|Any CPU
		{7DFFBDE6-CF8A-41E8-96FF-1E7CBBCD38CB}.Debug|Any CPU.ActiveCfg = Debug|Any CPU
		{7DFFBDE6-CF8A-41E8-96FF-1E7CBBCD38CB}.Debug|Any CPU.Build.0 = Debug|Any CPU
		{7DFFBDE6-CF8A-41E8-96FF-1E7CBBCD38CB}.Release|Any CPU.ActiveCfg = Release|Any CPU
		{7DFFBDE6-CF8A-41E8-96FF-1E7CBBCD38CB}.Release|Any CPU.Build.0 = Release|Any CPU
		{5A36C09C-53DE-4473-B695-462B6DF35076}.Debug|Any CPU.ActiveCfg = Debug|Any CPU
		{5A36C09C-53DE-4473-B695-462B6DF35076}.Debug|Any CPU.Build.0 = Debug|Any CPU
		{5A36C09C-53DE-4473-B695-462B6DF35076}.Release|Any CPU.ActiveCfg = Release|Any CPU
		{5A36C09C-53DE-4473-B695-462B6DF35076}.Release|Any CPU.Build.0 = Release|Any CPU
		{7DDD4B0D-7596-4871-8C23-C797378D0E04}.Debug|Any CPU.ActiveCfg = Debug|Any CPU
		{7DDD4B0D-7596-4871-8C23-C797378D0E04}.Debug|Any CPU.Build.0 = Debug|Any CPU
		{7DDD4B0D-7596-4871-8C23-C797378D0E04}.Release|Any CPU.ActiveCfg = Release|Any CPU
		{7DDD4B0D-7596-4871-8C23-C797378D0E04}.Release|Any CPU.Build.0 = Release|Any CPU
		{751525AB-63CD-4338-903E-4D9184C18590}.Debug|Any CPU.ActiveCfg = Debug|Any CPU
		{751525AB-63CD-4338-903E-4D9184C18590}.Debug|Any CPU.Build.0 = Debug|Any CPU
		{751525AB-63CD-4338-903E-4D9184C18590}.Release|Any CPU.ActiveCfg = Release|Any CPU
		{751525AB-63CD-4338-903E-4D9184C18590}.Release|Any CPU.Build.0 = Release|Any CPU
		{8B015C9A-BD07-4F12-81A0-771D976E2AF8}.Debug|Any CPU.ActiveCfg = Debug|Any CPU
		{8B015C9A-BD07-4F12-81A0-771D976E2AF8}.Debug|Any CPU.Build.0 = Debug|Any CPU
		{8B015C9A-BD07-4F12-81A0-771D976E2AF8}.Release|Any CPU.ActiveCfg = Release|Any CPU
		{8B015C9A-BD07-4F12-81A0-771D976E2AF8}.Release|Any CPU.Build.0 = Release|Any CPU
		{A114926D-41EC-411D-B3CC-D8FE7CAB4289}.Debug|Any CPU.ActiveCfg = Debug|Any CPU
		{A114926D-41EC-411D-B3CC-D8FE7CAB4289}.Debug|Any CPU.Build.0 = Debug|Any CPU
		{A114926D-41EC-411D-B3CC-D8FE7CAB4289}.Release|Any CPU.ActiveCfg = Release|Any CPU
		{A114926D-41EC-411D-B3CC-D8FE7CAB4289}.Release|Any CPU.Build.0 = Release|Any CPU
		{7E93C907-0B7D-4BA2-9441-F2E8651BE174}.Debug|Any CPU.ActiveCfg = Debug|Any CPU
		{7E93C907-0B7D-4BA2-9441-F2E8651BE174}.Debug|Any CPU.Build.0 = Debug|Any CPU
		{7E93C907-0B7D-4BA2-9441-F2E8651BE174}.Release|Any CPU.ActiveCfg = Release|Any CPU
		{7E93C907-0B7D-4BA2-9441-F2E8651BE174}.Release|Any CPU.Build.0 = Release|Any CPU
		{EB5F5670-D23F-45F3-AD24-74FA11C20221}.Debug|Any CPU.ActiveCfg = Debug|Any CPU
		{EB5F5670-D23F-45F3-AD24-74FA11C20221}.Debug|Any CPU.Build.0 = Debug|Any CPU
		{EB5F5670-D23F-45F3-AD24-74FA11C20221}.Release|Any CPU.ActiveCfg = Release|Any CPU
		{EB5F5670-D23F-45F3-AD24-74FA11C20221}.Release|Any CPU.Build.0 = Release|Any CPU
		{FA81D0E5-4952-4225-BE3D-E822DAADEACE}.Debug|Any CPU.ActiveCfg = Debug|Any CPU
		{FA81D0E5-4952-4225-BE3D-E822DAADEACE}.Debug|Any CPU.Build.0 = Debug|Any CPU
		{FA81D0E5-4952-4225-BE3D-E822DAADEACE}.Release|Any CPU.ActiveCfg = Release|Any CPU
		{FA81D0E5-4952-4225-BE3D-E822DAADEACE}.Release|Any CPU.Build.0 = Release|Any CPU
		{77BE0239-075D-4FB8-88B0-5D8C52FD71C3}.Debug|Any CPU.ActiveCfg = Debug|Any CPU
		{77BE0239-075D-4FB8-88B0-5D8C52FD71C3}.Debug|Any CPU.Build.0 = Debug|Any CPU
		{77BE0239-075D-4FB8-88B0-5D8C52FD71C3}.Release|Any CPU.ActiveCfg = Release|Any CPU
		{77BE0239-075D-4FB8-88B0-5D8C52FD71C3}.Release|Any CPU.Build.0 = Release|Any CPU
		{35E0FBE7-A81A-485B-8F54-51EF3EFDA39C}.Debug|Any CPU.ActiveCfg = Debug|Any CPU
		{35E0FBE7-A81A-485B-8F54-51EF3EFDA39C}.Debug|Any CPU.Build.0 = Debug|Any CPU
		{35E0FBE7-A81A-485B-8F54-51EF3EFDA39C}.Release|Any CPU.ActiveCfg = Release|Any CPU
		{35E0FBE7-A81A-485B-8F54-51EF3EFDA39C}.Release|Any CPU.Build.0 = Release|Any CPU
		{190EE5E1-5212-4BFF-A862-64C80CAD7941}.Debug|Any CPU.ActiveCfg = Debug|Any CPU
		{190EE5E1-5212-4BFF-A862-64C80CAD7941}.Debug|Any CPU.Build.0 = Debug|Any CPU
		{190EE5E1-5212-4BFF-A862-64C80CAD7941}.Release|Any CPU.ActiveCfg = Release|Any CPU
		{190EE5E1-5212-4BFF-A862-64C80CAD7941}.Release|Any CPU.Build.0 = Release|Any CPU
		{B61D2655-F94A-4A1F-8F19-53AEB585E06D}.Debug|Any CPU.ActiveCfg = Debug|Any CPU
		{B61D2655-F94A-4A1F-8F19-53AEB585E06D}.Debug|Any CPU.Build.0 = Debug|Any CPU
		{B61D2655-F94A-4A1F-8F19-53AEB585E06D}.Release|Any CPU.ActiveCfg = Release|Any CPU
		{B61D2655-F94A-4A1F-8F19-53AEB585E06D}.Release|Any CPU.Build.0 = Release|Any CPU
		{D73AB898-9882-4689-9962-8312435F5312}.Debug|Any CPU.ActiveCfg = Debug|Any CPU
		{D73AB898-9882-4689-9962-8312435F5312}.Debug|Any CPU.Build.0 = Debug|Any CPU
		{D73AB898-9882-4689-9962-8312435F5312}.Release|Any CPU.ActiveCfg = Release|Any CPU
		{D73AB898-9882-4689-9962-8312435F5312}.Release|Any CPU.Build.0 = Release|Any CPU
		{8212DDEF-7FFB-4F7F-89C3-1858BA97D9C6}.Debug|Any CPU.ActiveCfg = Debug|Any CPU
		{8212DDEF-7FFB-4F7F-89C3-1858BA97D9C6}.Debug|Any CPU.Build.0 = Debug|Any CPU
		{8212DDEF-7FFB-4F7F-89C3-1858BA97D9C6}.Release|Any CPU.ActiveCfg = Release|Any CPU
		{8212DDEF-7FFB-4F7F-89C3-1858BA97D9C6}.Release|Any CPU.Build.0 = Release|Any CPU
		{41F640DA-6781-4924-9CF3-B0234EC8E5F3}.Debug|Any CPU.ActiveCfg = Debug|Any CPU
		{41F640DA-6781-4924-9CF3-B0234EC8E5F3}.Debug|Any CPU.Build.0 = Debug|Any CPU
		{41F640DA-6781-4924-9CF3-B0234EC8E5F3}.Release|Any CPU.ActiveCfg = Release|Any CPU
		{41F640DA-6781-4924-9CF3-B0234EC8E5F3}.Release|Any CPU.Build.0 = Release|Any CPU
	EndGlobalSection
	GlobalSection(SolutionProperties) = preSolution
		HideSolutionNode = FALSE
	EndGlobalSection
	GlobalSection(NestedProjects) = preSolution
		{B223BD29-C737-4AFB-9401-6F315056C881} = {B09F91AF-A073-4676-8A65-84C05CE0DD10}
		{A356DBE3-4AD1-46BE-A273-B4E21D9A6B36} = {B223BD29-C737-4AFB-9401-6F315056C881}
		{0D440C47-9180-4309-9EFD-827D8A4EF3B9} = {B09F91AF-A073-4676-8A65-84C05CE0DD10}
		{4C0834DB-194E-488A-A28E-FD43BA3CF1C7} = {0D440C47-9180-4309-9EFD-827D8A4EF3B9}
		{6C859889-C04A-4A72-88FA-02DCBA0E9F04} = {0D440C47-9180-4309-9EFD-827D8A4EF3B9}
		{BB57EAF8-9D8C-4C17-A662-7CC68EF12EE6} = {B09F91AF-A073-4676-8A65-84C05CE0DD10}
		{6CEB0DDB-E8ED-45BB-B061-E29B090C02C9} = {BB57EAF8-9D8C-4C17-A662-7CC68EF12EE6}
		{C916B0CA-715B-4FEE-8391-07C80F3700FE} = {BB57EAF8-9D8C-4C17-A662-7CC68EF12EE6}
		{BA42AC29-B69B-45BD-B2B6-241CB11F8030} = {4121EDD2-3CE6-4387-A531-661B21E9D27C}
		{2CB78F5E-0D70-4360-9DFE-1ED3A40E90B9} = {BA42AC29-B69B-45BD-B2B6-241CB11F8030}
		{DFA8344E-EAED-4A78-BFD7-553D9173A1CC} = {4121EDD2-3CE6-4387-A531-661B21E9D27C}
		{13876F8A-CE57-4FC7-948E-451D61A211F9} = {DFA8344E-EAED-4A78-BFD7-553D9173A1CC}
		{D621CD28-6951-40C0-9FA7-82A3BE59C82F} = {DFA8344E-EAED-4A78-BFD7-553D9173A1CC}
		{E4D8C735-E0D7-4C89-BFF0-4649161461C1} = {4121EDD2-3CE6-4387-A531-661B21E9D27C}
		{D6E1B3AB-294C-4A0D-AD12-4E8E9F945909} = {E4D8C735-E0D7-4C89-BFF0-4649161461C1}
		{7DFFBDE6-CF8A-41E8-96FF-1E7CBBCD38CB} = {E4D8C735-E0D7-4C89-BFF0-4649161461C1}
		{30622196-12F8-41BC-8E02-A7B610CBD9E1} = {0DEA1A14-142A-4301-A7CD-76239E8094F5}
		{5A36C09C-53DE-4473-B695-462B6DF35076} = {30622196-12F8-41BC-8E02-A7B610CBD9E1}
		{0BB772E6-36BD-4EE8-97D8-1209C5B2EDA3} = {0DEA1A14-142A-4301-A7CD-76239E8094F5}
		{7DDD4B0D-7596-4871-8C23-C797378D0E04} = {0BB772E6-36BD-4EE8-97D8-1209C5B2EDA3}
		{751525AB-63CD-4338-903E-4D9184C18590} = {0BB772E6-36BD-4EE8-97D8-1209C5B2EDA3}
		{B5DB5A44-D380-411D-ADC7-F9AF6FE3E39C} = {0DEA1A14-142A-4301-A7CD-76239E8094F5}
		{8B015C9A-BD07-4F12-81A0-771D976E2AF8} = {B5DB5A44-D380-411D-ADC7-F9AF6FE3E39C}
		{A114926D-41EC-411D-B3CC-D8FE7CAB4289} = {B5DB5A44-D380-411D-ADC7-F9AF6FE3E39C}
		{0C94FA74-262E-4F87-A636-6FE4C691E8E3} = {FD75FD4B-F402-4BDA-96CE-4BAF8EC8DC02}
		{7E93C907-0B7D-4BA2-9441-F2E8651BE174} = {0C94FA74-262E-4F87-A636-6FE4C691E8E3}
		{CB147CB9-E19E-40B0-8243-D2B0A1E89CDD} = {FD75FD4B-F402-4BDA-96CE-4BAF8EC8DC02}
		{EB5F5670-D23F-45F3-AD24-74FA11C20221} = {CB147CB9-E19E-40B0-8243-D2B0A1E89CDD}
		{FA81D0E5-4952-4225-BE3D-E822DAADEACE} = {CB147CB9-E19E-40B0-8243-D2B0A1E89CDD}
		{B4A8B85D-8274-4B12-B71D-1DD8E7B9B697} = {FD75FD4B-F402-4BDA-96CE-4BAF8EC8DC02}
		{77BE0239-075D-4FB8-88B0-5D8C52FD71C3} = {B4A8B85D-8274-4B12-B71D-1DD8E7B9B697}
		{35E0FBE7-A81A-485B-8F54-51EF3EFDA39C} = {B4A8B85D-8274-4B12-B71D-1DD8E7B9B697}
		{300EC95D-D692-41C1-ABD3-EEC5BA2BFDBA} = {3DF7D374-5A41-40C1-A31B-4487DA40ADD5}
		{190EE5E1-5212-4BFF-A862-64C80CAD7941} = {300EC95D-D692-41C1-ABD3-EEC5BA2BFDBA}
		{3A846389-0D05-46CC-AAFD-AA7FD87A3019} = {3DF7D374-5A41-40C1-A31B-4487DA40ADD5}
		{B61D2655-F94A-4A1F-8F19-53AEB585E06D} = {3A846389-0D05-46CC-AAFD-AA7FD87A3019}
		{D73AB898-9882-4689-9962-8312435F5312} = {3A846389-0D05-46CC-AAFD-AA7FD87A3019}
		{76466874-4913-48B2-9F47-11DC2BAF4380} = {3DF7D374-5A41-40C1-A31B-4487DA40ADD5}
		{8212DDEF-7FFB-4F7F-89C3-1858BA97D9C6} = {76466874-4913-48B2-9F47-11DC2BAF4380}
		{41F640DA-6781-4924-9CF3-B0234EC8E5F3} = {76466874-4913-48B2-9F47-11DC2BAF4380}
	EndGlobalSection
	GlobalSection(ExtensibilityGlobals) = postSolution
		SolutionGuid = {3C1B3861-F96F-4FD9-8439-3C0A259ED883}
	EndGlobalSection
EndGlobal
